
Microsoft Visual Studio Solution File, Format Version 12.00
# Visual Studio Version 17
VisualStudioVersion = 17.2.32526.322
MinimumVisualStudioVersion = 10.0.40219.1
Project("{9A19103F-16F7-4668-BE54-9A1E7A4F7556}") = "13final1", "13final1\13final1.csproj", "{7667553E-FA5D-47D1-9D3E-DADD15DE019C}"
EndProject
Project("{FAE04EC0-301F-11D3-BF4B-00C04F79EFBC}") = "13final2", "13final2\13final2.csproj", "{74B8B980-B730-4F60-95C2-77FD8827ECAE}"
EndProject
Global
	GlobalSection(SolutionConfigurationPlatforms) = preSolution
		Debug|Any CPU = Debug|Any CPU
		Release|Any CPU = Release|Any CPU
	EndGlobalSection
	GlobalSection(ProjectConfigurationPlatforms) = postSolution
		{7667553E-FA5D-47D1-9D3E-DADD15DE019C}.Debug|Any CPU.ActiveCfg = Debug|Any CPU
		{7667553E-FA5D-47D1-9D3E-DADD15DE019C}.Debug|Any CPU.Build.0 = Debug|Any CPU
		{7667553E-FA5D-47D1-9D3E-DADD15DE019C}.Release|Any CPU.ActiveCfg = Release|Any CPU
		{7667553E-FA5D-47D1-9D3E-DADD15DE019C}.Release|Any CPU.Build.0 = Release|Any CPU
		{74B8B980-B730-4F60-95C2-77FD8827ECAE}.Debug|Any CPU.ActiveCfg = Debug|Any CPU
		{74B8B980-B730-4F60-95C2-77FD8827ECAE}.Debug|Any CPU.Build.0 = Debug|Any CPU
		{74B8B980-B730-4F60-95C2-77FD8827ECAE}.Release|Any CPU.ActiveCfg = Release|Any CPU
		{74B8B980-B730-4F60-95C2-77FD8827ECAE}.Release|Any CPU.Build.0 = Release|Any CPU
	EndGlobalSection
	GlobalSection(SolutionProperties) = preSolution
		HideSolutionNode = FALSE
	EndGlobalSection
	GlobalSection(ExtensibilityGlobals) = postSolution
		SolutionGuid = {6DEC22C6-E457-423E-AA5E-C0AA6A2586FB}
	EndGlobalSection
EndGlobal
